# THIS IS AN AUTOGENERATED FILE. DO NOT EDIT THIS FILE DIRECTLY.
# yarn lockfile v1


ramda@^0.27.1:
  version "0.27.1"
  resolved "https://registry.yarnpkg.com/ramda/-/ramda-0.27.1.tgz#66fc2df3ef873874ffc2da6aa8984658abacf5c9"
  integrity sha512-PgIdVpn5y5Yns8vqb8FzBUEYn98V3xcPgawAkkgj0YJ0qDsnHCiNmZYfOGMgOvoB0eWFLpYbhxUR3mxfDIMvpw==

ts-pattern@^3.2.5:
  version "3.3.3"
  resolved "https://registry.yarnpkg.com/ts-pattern/-/ts-pattern-3.3.3.tgz#d15f4417b3f9161089da945885771c13606fd06a"
  integrity sha512-Z5EFi6g6wyX3uDFHqxF5W5c5h663oZg9O6aOiAT7fqNu0HPSfCxtHzrQ7SblTy738Mrg2Ezorky8H5aUOm8Pvg==
